
Microsoft Visual Studio Solution File, Format Version 12.00
# Visual Studio Version 16
VisualStudioVersion = 16.0.30907.101
MinimumVisualStudioVersion = 10.0.40219.1
Project("{FAE04EC0-301F-11D3-BF4B-00C04F79EFBC}") = "CalculatorProject", "CalculatorProject.csproj", "{896A8A3C-5B9D-42FE-A21D-299884085602}"
EndProject
Global
	GlobalSection(SolutionConfigurationPlatforms) = preSolution
		Debug|Any CPU = Debug|Any CPU
		Release|Any CPU = Release|Any CPU
	EndGlobalSection
	GlobalSection(ProjectConfigurationPlatforms) = postSolution
		{896A8A3C-5B9D-42FE-A21D-299884085602}.Debug|Any CPU.ActiveCfg = Debug|Any CPU
		{896A8A3C-5B9D-42FE-A21D-299884085602}.Debug|Any CPU.Build.0 = Debug|Any CPU
		{896A8A3C-5B9D-42FE-A21D-299884085602}.Release|Any CPU.ActiveCfg = Release|Any CPU
		{896A8A3C-5B9D-42FE-A21D-299884085602}.Release|Any CPU.Build.0 = Release|Any CPU
	EndGlobalSection
	GlobalSection(SolutionProperties) = preSolution
		HideSolutionNode = FALSE
	EndGlobalSection
	GlobalSection(ExtensibilityGlobals) = postSolution
		SolutionGuid = {0FA65DFF-FBF3-4EEC-9960-C9F24B6E0624}
	EndGlobalSection
EndGlobal
